Microsoft Visual Studio Solution File, Format Version 12.00
# Visual Studio Version 17
VisualStudioVersion = 17.5.2.0
MinimumVisualStudioVersion = 10.0.40219.1
Project("{FAE04EC0-301F-11D3-BF4B-00C04F79EFBC}") = "Responsi2-Junpro", "Responsi2-Junpro.csproj", "{A9A25938-62D6-ED2E-31FC-A8E9244B269A}"
EndProject
Global
	GlobalSection(SolutionConfigurationPlatforms) = preSolution
		Debug|Any CPU = Debug|Any CPU
		Release|Any CPU = Release|Any CPU
	EndGlobalSection
	GlobalSection(ProjectConfigurationPlatforms) = postSolution
		{A9A25938-62D6-ED2E-31FC-A8E9244B269A}.Debug|Any CPU.ActiveCfg = Debug|Any CPU
		{A9A25938-62D6-ED2E-31FC-A8E9244B269A}.Debug|Any CPU.Build.0 = Debug|Any CPU
		{A9A25938-62D6-ED2E-31FC-A8E9244B269A}.Release|Any CPU.ActiveCfg = Release|Any CPU
		{A9A25938-62D6-ED2E-31FC-A8E9244B269A}.Release|Any CPU.Build.0 = Release|Any CPU
	EndGlobalSection
	GlobalSection(SolutionProperties) = preSolution
		HideSolutionNode = FALSE
	EndGlobalSection
	GlobalSection(ExtensibilityGlobals) = postSolution
		SolutionGuid = {B97E259F-F07A-4C3C-8199-01F780084368}
	EndGlobalSection
EndGlobal
